
Microsoft Visual Studio Solution File, Format Version 12.00
# Visual Studio Version 16
VisualStudioVersion = 16.0.31410.357
MinimumVisualStudioVersion = 10.0.40219.1
Project("{FAE04EC0-301F-11D3-BF4B-00C04F79EFBC}") = "Aplikacja Bankowa", "Aplikacja Bankowa\Aplikacja Bankowa.csproj", "{E3145448-39FD-49F3-AF18-3E4EA1418CD2}"
EndProject
Global
	GlobalSection(SolutionConfigurationPlatforms) = preSolution
		Debug|Any CPU = Debug|Any CPU
		Release|Any CPU = Release|Any CPU
	EndGlobalSection
	GlobalSection(ProjectConfigurationPlatforms) = postSolution
		{E3145448-39FD-49F3-AF18-3E4EA1418CD2}.Debug|Any CPU.ActiveCfg = Debug|Any CPU
		{E3145448-39FD-49F3-AF18-3E4EA1418CD2}.Debug|Any CPU.Build.0 = Debug|Any CPU
		{E3145448-39FD-49F3-AF18-3E4EA1418CD2}.Release|Any CPU.ActiveCfg = Release|Any CPU
		{E3145448-39FD-49F3-AF18-3E4EA1418CD2}.Release|Any CPU.Build.0 = Release|Any CPU
	EndGlobalSection
	GlobalSection(SolutionProperties) = preSolution
		HideSolutionNode = FALSE
	EndGlobalSection
	GlobalSection(ExtensibilityGlobals) = postSolution
		SolutionGuid = {E2A13F40-BC8F-4DA2-8C2E-156E27F4D9DD}
	EndGlobalSection
EndGlobal
